// !$*UTF8*$!
{
	archiveVersion = 1;
	classes = {
	};
	objectVersion = 48;
	objects = {

/* Begin PBXBuildFile section */
		4D7A9408206AD7E900F12BC5 /* AppDelegate.swift in Sources */ = {isa = PBXBuildFile; fileRef = 4D7A9407206AD7E900F12BC5 /* AppDelegate.swift */; };
		4D7A940A206AD7E900F12BC5 /* TripListVC.swift in Sources */ = {isa = PBXBuildFile; fileRef = 4D7A9409206AD7E900F12BC5 /* TripListVC.swift */; };
		4D7A940D206AD7E900F12BC5 /* Main.storyboard in Resources */ = {isa = PBXBuildFile; fileRef = 4D7A940B206AD7E900F12BC5 /* Main.storyboard */; };
		4D7A940F206AD7E900F12BC5 /* Assets.xcassets in Resources */ = {isa = PBXBuildFile; fileRef = 4D7A940E206AD7E900F12BC5 /* Assets.xcassets */; };
		4D7A9412206AD7E900F12BC5 /* LaunchScreen.storyboard in Resources */ = {isa = PBXBuildFile; fileRef = 4D7A9410206AD7E900F12BC5 /* LaunchScreen.storyboard */; };
		4D7A941E206AE0A600F12BC5 /* DataService.swift in Sources */ = {isa = PBXBuildFile; fileRef = 4D7A941D206AE0A600F12BC5 /* DataService.swift */; };
		4D7A9420206AE0D000F12BC5 /* Trip.swift in Sources */ = {isa = PBXBuildFile; fileRef = 4D7A941F206AE0D000F12BC5 /* Trip.swift */; };
		4D7A9422206AE18D00F12BC5 /* TripCell.swift in Sources */ = {isa = PBXBuildFile; fileRef = 4D7A9421206AE18D00F12BC5 /* TripCell.swift */; };
		4D7A9426206BEB5000F12BC5 /* EdgeInsetLabel.swift in Sources */ = {isa = PBXBuildFile; fileRef = 4D7A9425206BEB5000F12BC5 /* EdgeInsetLabel.swift */; };
		4D7A942A206C16DB00F12BC5 /* DetailVC.swift in Sources */ = {isa = PBXBuildFile; fileRef = 4D7A9429206C16DB00F12BC5 /* DetailVC.swift */; };
/* End PBXBuildFile section */

/* Begin PBXFileReference section */
		4D7A9404206AD7E900F12BC5 /* trip-countdown-2.app */ = {isa = PBXFileReference; explicitFileType = wrapper.application; includeInIndex = 0; path = "trip-countdown-2.app"; sourceTree = BUILT_PRODUCTS_DIR; };
		4D7A9407206AD7E900F12BC5 /* AppDelegate.swift */ = {isa = PBXFileReference; lastKnownFileType = sourcecode.swift; path = AppDelegate.swift; sourceTree = "<group>"; };
		4D7A9409206AD7E900F12BC5 /* TripListVC.swift */ = {isa = PBXFileReference; lastKnownFileType = sourcecode.swift; path = TripListVC.swift; sourceTree = "<group>"; };
		4D7A940C206AD7E900F12BC5 /* Base */ = {isa = PBXFileReference; lastKnownFileType = file.storyboard; name = Base; path = Base.lproj/Main.storyboard; sourceTree = "<group>"; };
		4D7A940E206AD7E900F12BC5 /* Assets.xcassets */ = {isa = PBXFileReference; lastKnownFileType = folder.assetcatalog; path = Assets.xcassets; sourceTree = "<group>"; };
		4D7A9411206AD7E900F12BC5 /* Base */ = {isa = PBXFileReference; lastKnownFileType = file.storyboard; name = Base; path = Base.lproj/LaunchScreen.storyboard; sourceTree = "<group>"; };
		4D7A9413206AD7E900F12BC5 /* Info.plist */ = {isa = PBXFileReference; lastKnownFileType = text.plist.xml; path = Info.plist; sourceTree = "<group>"; };
		4D7A941D206AE0A600F12BC5 /* DataService.swift */ = {isa = PBXFileReference; lastKnownFileType = sourcecode.swift; path = DataService.swift; sourceTree = "<group>"; };
		4D7A941F206AE0D000F12BC5 /* Trip.swift */ = {isa = PBXFileReference; lastKnownFileType = sourcecode.swift; path = Trip.swift; sourceTree = "<group>"; };
		4D7A9421206AE18D00F12BC5 /* TripCell.swift */ = {isa = PBXFileReference; lastKnownFileType = sourcecode.swift; path = TripCell.swift; sourceTree = "<group>"; };
		4D7A9425206BEB5000F12BC5 /* EdgeInsetLabel.swift */ = {isa = PBXFileReference; lastKnownFileType = sourcecode.swift; path = EdgeInsetLabel.swift; sourceTree = "<group>"; };
		4D7A9429206C16DB00F12BC5 /* DetailVC.swift */ = {isa = PBXFileReference; lastKnownFileType = sourcecode.swift; path = DetailVC.swift; sourceTree = "<group>"; };
/* End PBXFileReference section */

/* Begin PBXFrameworksBuildPhase section */
		4D7A9401206AD7E900F12BC5 /* Frameworks */ = {
			isa = PBXFrameworksBuildPhase;
			buildActionMask = 2147483647;
			files = (
			);
			runOnlyForDeploymentPostprocessing = 0;
		};
/* End PBXFrameworksBuildPhase section */

/* Begin PBXGroup section */
		4D7A93FB206AD7E900F12BC5 = {
			isa = PBXGroup;
			children = (
				4D7A9406206AD7E900F12BC5 /* trip-countdown-2 */,
				4D7A9405206AD7E900F12BC5 /* Products */,
			);
			sourceTree = "<group>";
		};
		4D7A9405206AD7E900F12BC5 /* Products */ = {
			isa = PBXGroup;
			children = (
				4D7A9404206AD7E900F12BC5 /* trip-countdown-2.app */,
			);
			name = Products;
			sourceTree = "<group>";
		};
		4D7A9406206AD7E900F12BC5 /* trip-countdown-2 */ = {
			isa = PBXGroup;
			children = (
				4D7A941C206AD92C00F12BC5 /* Services */,
				4D7A941B206AD92700F12BC5 /* Controller */,
				4D7A941A206AD92100F12BC5 /* View */,
				4D7A9419206AD91800F12BC5 /* Model */,
				4D7A9407206AD7E900F12BC5 /* AppDelegate.swift */,
				4D7A940B206AD7E900F12BC5 /* Main.storyboard */,
				4D7A940E206AD7E900F12BC5 /* Assets.xcassets */,
				4D7A9410206AD7E900F12BC5 /* LaunchScreen.storyboard */,
				4D7A9413206AD7E900F12BC5 /* Info.plist */,
			);
			path = "trip-countdown-2";
			sourceTree = "<group>";
		};
		4D7A9419206AD91800F12BC5 /* Model */ = {
			isa = PBXGroup;
			children = (
				4D7A941F206AE0D000F12BC5 /* Trip.swift */,
			);
			path = Model;
			sourceTree = "<group>";
		};
		4D7A941A206AD92100F12BC5 /* View */ = {
			isa = PBXGroup;
			children = (
				4D7A9421206AE18D00F12BC5 /* TripCell.swift */,
				4D7A9425206BEB5000F12BC5 /* EdgeInsetLabel.swift */,
			);
			path = View;
			sourceTree = "<group>";
		};
		4D7A941B206AD92700F12BC5 /* Controller */ = {
			isa = PBXGroup;
			children = (
				4D7A9409206AD7E900F12BC5 /* TripListVC.swift */,
				4D7A9429206C16DB00F12BC5 /* DetailVC.swift */,
			);
			path = Controller;
			sourceTree = "<group>";
		};
		4D7A941C206AD92C00F12BC5 /* Services */ = {
			isa = PBXGroup;
			children = (
				4D7A941D206AE0A600F12BC5 /* DataService.swift */,
			);
			path = Services;
			sourceTree = "<group>";
		};
/* End PBXGroup section */

/* Begin PBXNativeTarget section */
		4D7A9403206AD7E900F12BC5 /* trip-countdown-2 */ = {
			isa = PBXNativeTarget;
			buildConfigurationList = 4D7A9416206AD7E900F12BC5 /* Build configuration list for PBXNativeTarget "trip-countdown-2" */;
			buildPhases = (
				4D7A9400206AD7E900F12BC5 /* Sources */,
				4D7A9401206AD7E900F12BC5 /* Frameworks */,
				4D7A9402206AD7E900F12BC5 /* Resources */,
			);
			buildRules = (
			);
			dependencies = (
			);
			name = "trip-countdown-2";
			productName = "master-detail-simple";
			productReference = 4D7A9404206AD7E900F12BC5 /* trip-countdown-2.app */;
			productType = "com.apple.product-type.application";
		};
/* End PBXNativeTarget section */

/* Begin PBXProject section */
		4D7A93FC206AD7E900F12BC5 /* Project object */ = {
			isa = PBXProject;
			attributes = {
				LastSwiftUpdateCheck = 0920;
				LastUpgradeCheck = 0920;
				ORGANIZATIONNAME = "Rick Pearce";
				TargetAttributes = {
					4D7A9403206AD7E900F12BC5 = {
						CreatedOnToolsVersion = 9.2;
						ProvisioningStyle = Automatic;
					};
				};
			};
			buildConfigurationList = 4D7A93FF206AD7E900F12BC5 /* Build configuration list for PBXProject "trip-countdown-2" */;
			compatibilityVersion = "Xcode 8.0";
			developmentRegion = en;
			hasScannedForEncodings = 0;
			knownRegions = (
				en,
				Base,
			);
			mainGroup = 4D7A93FB206AD7E900F12BC5;
			productRefGroup = 4D7A9405206AD7E900F12BC5 /* Products */;
			projectDirPath = "";
			projectRoot = "";
			targets = (
				4D7A9403206AD7E900F12BC5 /* trip-countdown-2 */,
			);
		};
/* End PBXProject section */

/* Begin PBXResourcesBuildPhase section */
		4D7A9402206AD7E900F12BC5 /* Resources */ = {
			isa = PBXResourcesBuildPhase;
			buildActionMask = 2147483647;
			files = (
				4D7A9412206AD7E900F12BC5 /* LaunchScreen.storyboard in Resources */,
				4D7A940F206AD7E900F12BC5 /* Assets.xcassets in Resources */,
				4D7A940D206AD7E900F12BC5 /* Main.storyboard in Resources */,
			);
			runOnlyForDeploymentPostprocessing = 0;
		};
/* End PBXResourcesBuildPhase section */

/* Begin PBXSourcesBuildPhase section */
		4D7A9400206AD7E900F12BC5 /* Sources */ = {
			isa = PBXSourcesBuildPhase;
			buildActionMask = 2147483647;
			files = (
				4D7A9420206AE0D000F12BC5 /* Trip.swift in Sources */,
				4D7A941E206AE0A600F12BC5 /* DataService.swift in Sources */,
				4D7A9426206BEB5000F12BC5 /* EdgeInsetLabel.swift in Sources */,
				4D7A940A206AD7E900F12BC5 /* TripListVC.swift in Sources */,
				4D7A9408206AD7E900F12BC5 /* AppDelegate.swift in Sources */,
				4D7A9422206AE18D00F12BC5 /* TripCell.swift in Sources */,
				4D7A942A206C16DB00F12BC5 /* DetailVC.swift in Sources */,
			);
			runOnlyForDeploymentPostprocessing = 0;
		};
/* End PBXSourcesBuildPhase section */

/* Begin PBXVariantGroup section */
		4D7A940B206AD7E900F12BC5 /* Main.storyboard */ = {
			isa = PBXVariantGroup;
			children = (
				4D7A940C206AD7E900F12BC5 /* Base */,
			);
			name = Main.storyboard;
			sourceTree = "<group>";
		};
		4D7A9410206AD7E900F12BC5 /* LaunchScreen.storyboard */ = {
			isa = PBXVariantGroup;
			children = (
				4D7A9411206AD7E900F12BC5 /* Base */,
			);
			name = LaunchScreen.storyboard;
			sourceTree = "<group>";
		};
/* End PBXVariantGroup section */

/* Begin XCBuildConfiguration section */
		4D7A9414206AD7E900F12BC5 /* Debug */ = {
			isa = XCBuildConfiguration;
			buildSettings = {
				ALWAYS_SEARCH_USER_PATHS = NO;
				CLANG_ANALYZER_NONNULL = YES;
				CLANG_ANALYZER_NUMBER_OBJECT_CONVERSION = YES_AGGRESSIVE;
				CLANG_CXX_LANGUAGE_STANDARD = "gnu++14";
				CLANG_CXX_LIBRARY = "libc++";
				CLANG_ENABLE_MODULES = YES;
				CLANG_ENABLE_OBJC_ARC = YES;
				CLANG_WARN_BLOCK_CAPTURE_AUTORELEASING = YES;
				CLANG_WARN_BOOL_CONVERSION = YES;
				CLANG_WARN_COMMA = YES;
				CLANG_WARN_CONSTANT_CONVERSION = YES;
				CLANG_WARN_DIRECT_OBJC_ISA_USAGE = YES_ERROR;
				CLANG_WARN_DOCUMENTATION_COMMENTS = YES;
				CLANG_WARN_EMPTY_BODY = YES;
				CLANG_WARN_ENUM_CONVERSION = YES;
				CLANG_WARN_INFINITE_RECURSION = YES;
				CLANG_WARN_INT_CONVERSION = YES;
				CLANG_WARN_NON_LITERAL_NULL_CONVERSION = YES;
				CLANG_WARN_OBJC_LITERAL_CONVERSION = YES;
				CLANG_WARN_OBJC_ROOT_CLASS = YES_ERROR;
				CLANG_WARN_RANGE_LOOP_ANALYSIS = YES;
				CLANG_WARN_STRICT_PROTOTYPES = YES;
				CLANG_WARN_SUSPICIOUS_MOVE = YES;
				CLANG_WARN_UNGUARDED_AVAILABILITY = YES_AGGRESSIVE;
				CLANG_WARN_UNREACHABLE_CODE = YES;
				CLANG_WARN__DUPLICATE_METHOD_MATCH = YES;
				CODE_SIGN_IDENTITY = "iPhone Developer";
				COPY_PHASE_STRIP = NO;
				DEBUG_INFORMATION_FORMAT = dwarf;
				ENABLE_STRICT_OBJC_MSGSEND = YES;
				ENABLE_TESTABILITY = YES;
				GCC_C_LANGUAGE_STANDARD = gnu11;
				GCC_DYNAMIC_NO_PIC = NO;
				GCC_NO_COMMON_BLOCKS = YES;
				GCC_OPTIMIZATION_LEVEL = 0;
				GCC_PREPROCESSOR_DEFINITIONS = (
					"DEBUG=1",
					"$(inherited)",
				);
				GCC_WARN_64_TO_32_BIT_CONVERSION = YES;
				GCC_WARN_ABOUT_RETURN_TYPE = YES_ERROR;
				GCC_WARN_UNDECLARED_SELECTOR = YES;
				GCC_WARN_UNINITIALIZED_AUTOS = YES_AGGRESSIVE;
				GCC_WARN_UNUSED_FUNCTION = YES;
				GCC_WARN_UNUSED_VARIABLE = YES;
				IPHONEOS_DEPLOYMENT_TARGET = 11.2;
				MTL_ENABLE_DEBUG_INFO = YES;
				ONLY_ACTIVE_ARCH = YES;
				SDKROOT = iphoneos;
				SWIFT_ACTIVE_COMPILATION_CONDITIONS = DEBUG;
				SWIFT_OPTIMIZATION_LEVEL = "-Onone";
			};
			name = Debug;
		};
		4D7A9415206AD7E900F12BC5 /* Release */ = {
			isa = XCBuildConfiguration;
			buildSettings = {
				ALWAYS_SEARCH_USER_PATHS = NO;
				CLANG_ANALYZER_NONNULL = YES;
				CLANG_ANALYZER_NUMBER_OBJECT_CONVERSION = YES_AGGRESSIVE;
				CLANG_CXX_LANGUAGE_STANDARD = "gnu++14";
				CLANG_CXX_LIBRARY = "libc++";
				CLANG_ENABLE_MODULES = YES;
				CLANG_ENABLE_OBJC_ARC = YES;
				CLANG_WARN_BLOCK_CAPTURE_AUTORELEASING = YES;
				CLANG_WARN_BOOL_CONVERSION = YES;
				CLANG_WARN_COMMA = YES;
				CLANG_WARN_CONSTANT_CONVERSION = YES;
				CLANG_WARN_DIRECT_OBJC_ISA_USAGE = YES_ERROR;
				CLANG_WARN_DOCUMENTATION_COMMENTS = YES;
				CLANG_WARN_EMPTY_BODY = YES;
				CLANG_WARN_ENUM_CONVERSION = YES;
				CLANG_WARN_INFINITE_RECURSION = YES;
				CLANG_WARN_INT_CONVERSION = YES;
				CLANG_WARN_NON_LITERAL_NULL_CONVERSION = YES;
				CLANG_WARN_OBJC_LITERAL_CONVERSION = YES;
				CLANG_WARN_OBJC_ROOT_CLASS = YES_ERROR;
				CLANG_WARN_RANGE_LOOP_ANALYSIS = YES;
				CLANG_WARN_STRICT_PROTOTYPES = YES;
				CLANG_WARN_SUSPICIOUS_MOVE = YES;
				CLANG_WARN_UNGUARDED_AVAILABILITY = YES_AGGRESSIVE;
				CLANG_WARN_UNREACHABLE_CODE = YES;
				CLANG_WARN__DUPLICATE_METHOD_MATCH = YES;
				CODE_SIGN_IDENTITY = "iPhone Developer";
				COPY_PHASE_STRIP = NO;
				DEBUG_INFORMATION_FORMAT = "dwarf-with-dsym";
				ENABLE_NS_ASSERTIONS = NO;
				ENABLE_STRICT_OBJC_MSGSEND = YES;
				GCC_C_LANGUAGE_STANDARD = gnu11;
				GCC_NO_COMMON_BLOCKS = YES;
				GCC_WARN_64_TO_32_BIT_CONVERSION = YES;
				GCC_WARN_ABOUT_RETURN_TYPE = YES_ERROR;
				GCC_WARN_UNDECLARED_SELECTOR = YES;
				GCC_WARN_UNINITIALIZED_AUTOS = YES_AGGRESSIVE;
				GCC_WARN_UNUSED_FUNCTION = YES;
				GCC_WARN_UNUSED_VARIABLE = YES;
				IPHONEOS_DEPLOYMENT_TARGET = 11.2;
				MTL_ENABLE_DEBUG_INFO = NO;
				SDKROOT = iphoneos;
				SWIFT_OPTIMIZATION_LEVEL = "-Owholemodule";
				VALIDATE_PRODUCT = YES;
			};
			name = Release;
		};
		4D7A9417206AD7E900F12BC5 /* Debug */ = {
			isa = XCBuildConfiguration;
			buildSettings = {
				ASSETCATALOG_COMPILER_APPICON_NAME = AppIcon;
				CODE_SIGN_STYLE = Automatic;
				DEVELOPMENT_TEAM = 7UVW89GGJ4;
				INFOPLIST_FILE = "$(SRCROOT)/trip-countdown-2/Info.plist";
				LD_RUNPATH_SEARCH_PATHS = "$(inherited) @executable_path/Frameworks";
				PRODUCT_BUNDLE_IDENTIFIER = "com.pearce.master-detail-simple";
				PRODUCT_NAME = "$(TARGET_NAME)";
				SWIFT_VERSION = 4.0;
				TARGETED_DEVICE_FAMILY = "1,2";
			};
			name = Debug;
		};
		4D7A9418206AD7E900F12BC5 /* Release */ = {
			isa = XCBuildConfiguration;
			buildSettings = {
				ASSETCATALOG_COMPILER_APPICON_NAME = AppIcon;
				CODE_SIGN_STYLE = Automatic;
				DEVELOPMENT_TEAM = 7UVW89GGJ4;
				INFOPLIST_FILE = "$(SRCROOT)/trip-countdown-2/Info.plist";
				LD_RUNPATH_SEARCH_PATHS = "$(inherited) @executable_path/Frameworks";
				PRODUCT_BUNDLE_IDENTIFIER = "com.pearce.master-detail-simple";
				PRODUCT_NAME = "$(TARGET_NAME)";
				SWIFT_VERSION = 4.0;
				TARGETED_DEVICE_FAMILY = "1,2";
			};
			name = Release;
		};
/* End XCBuildConfiguration section */

/* Begin XCConfigurationList section */
		4D7A93FF206AD7E900F12BC5 /* Build configuration list for PBXProject "trip-countdown-2" */ = {
			isa = XCConfigurationList;
			buildConfigurations = (
				4D7A9414206AD7E900F12BC5 /* Debug */,
				4D7A9415206AD7E900F12BC5 /* Release */,
			);
			defaultConfigurationIsVisible = 0;
			defaultConfigurationName = Release;
		};
		4D7A9416206AD7E900F12BC5 /* Build configuration list for PBXNativeTarget "trip-countdown-2" */ = {
			isa = XCConfigurationList;
			buildConfigurations = (
				4D7A9417206AD7E900F12BC5 /* Debug */,
				4D7A9418206AD7E900F12BC5 /* Release */,
			);
			defaultConfigurationIsVisible = 0;
			defaultConfigurationName = Release;
		};
/* End XCConfigurationList section */
	};
	rootObject = 4D7A93FC206AD7E900F12BC5 /* Project object */;
}
